
Microsoft Visual Studio Solution File, Format Version 12.00
# Visual Studio 2012
Project("{FAE04EC0-301F-11D3-BF4B-00C04F79EFBC}") = "UI", "eProjectSem3Team5\UI.csproj", "{25F99320-EB53-4B37-8A60-72AD17353188}"
EndProject
Project("{FAE04EC0-301F-11D3-BF4B-00C04F79EFBC}") = "BL", "BL\BL.csproj", "{59CADF19-3F37-4A83-B2BC-03391DA83D5D}"
EndProject
Project("{FAE04EC0-301F-11D3-BF4B-00C04F79EFBC}") = "DL", "DL\DL.csproj", "{182B965E-0BBC-4164-94E3-97D7DFFDB106}"
EndProject
Project("{FAE04EC0-301F-11D3-BF4B-00C04F79EFBC}") = "Entities", "Entities\Entities.csproj", "{0E94DFE3-4FB1-4557-87DA-FDC1FF941FBE}"
EndProject
Global
	GlobalSection(SolutionConfigurationPlatforms) = preSolution
		Debug|Any CPU = Debug|Any CPU
		Release|Any CPU = Release|Any CPU
	EndGlobalSection
	GlobalSection(ProjectConfigurationPlatforms) = postSolution
		{25F99320-EB53-4B37-8A60-72AD17353188}.Debug|Any CPU.ActiveCfg = Debug|Any CPU
		{25F99320-EB53-4B37-8A60-72AD17353188}.Debug|Any CPU.Build.0 = Debug|Any CPU
		{25F99320-EB53-4B37-8A60-72AD17353188}.Release|Any CPU.ActiveCfg = Release|Any CPU
		{25F99320-EB53-4B37-8A60-72AD17353188}.Release|Any CPU.Build.0 = Release|Any CPU
		{59CADF19-3F37-4A83-B2BC-03391DA83D5D}.Debug|Any CPU.ActiveCfg = Debug|Any CPU
		{59CADF19-3F37-4A83-B2BC-03391DA83D5D}.Debug|Any CPU.Build.0 = Debug|Any CPU
		{59CADF19-3F37-4A83-B2BC-03391DA83D5D}.Release|Any CPU.ActiveCfg = Release|Any CPU
		{59CADF19-3F37-4A83-B2BC-03391DA83D5D}.Release|Any CPU.Build.0 = Release|Any CPU
		{182B965E-0BBC-4164-94E3-97D7DFFDB106}.Debug|Any CPU.ActiveCfg = Debug|Any CPU
		{182B965E-0BBC-4164-94E3-97D7DFFDB106}.Debug|Any CPU.Build.0 = Debug|Any CPU
		{182B965E-0BBC-4164-94E3-97D7DFFDB106}.Release|Any CPU.ActiveCfg = Release|Any CPU
		{182B965E-0BBC-4164-94E3-97D7DFFDB106}.Release|Any CPU.Build.0 = Release|Any CPU
		{0E94DFE3-4FB1-4557-87DA-FDC1FF941FBE}.Debug|Any CPU.ActiveCfg = Debug|Any CPU
		{0E94DFE3-4FB1-4557-87DA-FDC1FF941FBE}.Debug|Any CPU.Build.0 = Debug|Any CPU
		{0E94DFE3-4FB1-4557-87DA-FDC1FF941FBE}.Release|Any CPU.ActiveCfg = Release|Any CPU
		{0E94DFE3-4FB1-4557-87DA-FDC1FF941FBE}.Release|Any CPU.Build.0 = Release|Any CPU
	EndGlobalSection
	GlobalSection(SolutionProperties) = preSolution
		HideSolutionNode = FALSE
	EndGlobalSection
EndGlobal
